// !$*UTF8*$!
{
	archiveVersion = 1;
	classes = {
	};
	objectVersion = 46;
	objects = {

/* Begin PBXBuildFile section */
		7CB9D02413F94EE30077E0A3 /* Answers.m in Sources */ = {isa = PBXBuildFile; fileRef = 7CB9D01913F94EE30077E0A3 /* Answers.m */; };
		7CB9D02513F94EE30077E0A3 /* DBVersion.m in Sources */ = {isa = PBXBuildFile; fileRef = 7CB9D01B13F94EE30077E0A3 /* DBVersion.m */; };
		7CB9D02613F94EE30077E0A3 /* lk_QuestionTemplate.m in Sources */ = {isa = PBXBuildFile; fileRef = 7CB9D01D13F94EE30077E0A3 /* lk_QuestionTemplate.m */; };
		7CB9D02713F94EE30077E0A3 /* QuestionHeader.m in Sources */ = {isa = PBXBuildFile; fileRef = 7CB9D01F13F94EE30077E0A3 /* QuestionHeader.m */; };
		7CB9D02813F94EE30077E0A3 /* QuestionItems.m in Sources */ = {isa = PBXBuildFile; fileRef = 7CB9D02113F94EE30077E0A3 /* QuestionItems.m */; };
		7CB9D02913F94EE30077E0A3 /* Topics.m in Sources */ = {isa = PBXBuildFile; fileRef = 7CB9D02313F94EE30077E0A3 /* Topics.m */; };
		7CB9D03013F953A90077E0A3 /* Evaluator.xcdatamodeld in Sources */ = {isa = PBXBuildFile; fileRef = 7CB9D02D13F953A90077E0A3 /* Evaluator.xcdatamodeld */; };
		7CB9D03713F9563F0077E0A3 /* CustomPickerDataSource_Num_Questions.m in Sources */ = {isa = PBXBuildFile; fileRef = 7CB9D03613F9563F0077E0A3 /* CustomPickerDataSource_Num_Questions.m */; };
		7CB9D03A13F956990077E0A3 /* AttributionIphone.pdf in Resources */ = {isa = PBXBuildFile; fileRef = 7CB9D03913F956990077E0A3 /* AttributionIphone.pdf */; };
		7CB9D03C13F956B10077E0A3 /* Results.xml in Resources */ = {isa = PBXBuildFile; fileRef = 7CB9D03B13F956B10077E0A3 /* Results.xml */; };
		7CB9D03E13F956BE0077E0A3 /* DescriptiveAnswers.xml in Resources */ = {isa = PBXBuildFile; fileRef = 7CB9D03D13F956BE0077E0A3 /* DescriptiveAnswers.xml */; };
		7CB9D04213F956FB0077E0A3 /* Start.m in Sources */ = {isa = PBXBuildFile; fileRef = 7CB9D04113F956FB0077E0A3 /* Start.m */; };
		7CB9D04513F957090077E0A3 /* ClientEngine.m in Sources */ = {isa = PBXBuildFile; fileRef = 7CB9D04413F957090077E0A3 /* ClientEngine.m */; };
		7CB9D04813F9571A0077E0A3 /* ClientAnswers.m in Sources */ = {isa = PBXBuildFile; fileRef = 7CB9D04713F9571A0077E0A3 /* ClientAnswers.m */; };
		7CB9D04A13F9572D0077E0A3 /* Entitlements.plist in Resources */ = {isa = PBXBuildFile; fileRef = 7CB9D04913F9572D0077E0A3 /* Entitlements.plist */; };
		7CB9D04E13F957A30077E0A3 /* lk_QuestionListsCell.m in Sources */ = {isa = PBXBuildFile; fileRef = 7CB9D04D13F957A30077E0A3 /* lk_QuestionListsCell.m */; };
		7CB9D05113F957BB0077E0A3 /* lk_TopicsCell.m in Sources */ = {isa = PBXBuildFile; fileRef = 7CB9D05013F957BB0077E0A3 /* lk_TopicsCell.m */; };
		7CB9D05413F957D10077E0A3 /* WebViewInCell.m in Sources */ = {isa = PBXBuildFile; fileRef = 7CB9D05313F957D10077E0A3 /* WebViewInCell.m */; };
		7CB9D05A13F958070077E0A3 /* MultipleChoiceSingleAnswer.m in Sources */ = {isa = PBXBuildFile; fileRef = 7CB9D05713F958070077E0A3 /* MultipleChoiceSingleAnswer.m */; };
		7CB9D05B13F958070077E0A3 /* MultipleChoiceSingleAnswer1.m in Sources */ = {isa = PBXBuildFile; fileRef = 7CB9D05913F958070077E0A3 /* MultipleChoiceSingleAnswer1.m */; };
		7CB9D06013F958150077E0A3 /* DescriptiveType.m in Sources */ = {isa = PBXBuildFile; fileRef = 7CB9D05D13F958150077E0A3 /* DescriptiveType.m */; };
		7CB9D06113F958150077E0A3 /* DescriptiveType1.m in Sources */ = {isa = PBXBuildFile; fileRef = 7CB9D05F13F958150077E0A3 /* DescriptiveType1.m */; };
		7CB9D06613F958240077E0A3 /* TrueOrFalseYesOrNo.m in Sources */ = {isa = PBXBuildFile; fileRef = 7CB9D06313F958240077E0A3 /* TrueOrFalseYesOrNo.m */; };
		7CB9D06713F958240077E0A3 /* TrueOrFalseYesOrNo1.m in Sources */ = {isa = PBXBuildFile; fileRef = 7CB9D06513F958240077E0A3 /* TrueOrFalseYesOrNo1.m */; };
		7CB9D06C13F958380077E0A3 /* FillTheBlanks.m in Sources */ = {isa = PBXBuildFile; fileRef = 7CB9D06913F958380077E0A3 /* FillTheBlanks.m */; };
		7CB9D06D13F958380077E0A3 /* FillTheBlanks1.m in Sources */ = {isa = PBXBuildFile; fileRef = 7CB9D06B13F958380077E0A3 /* FillTheBlanks1.m */; };
		7CB9D07113F958720077E0A3 /* Uploads.m in Sources */ = {isa = PBXBuildFile; fileRef = 7CB9D07013F958720077E0A3 /* Uploads.m */; };
		7CB9D07313F958B00077E0A3 /* Settings.bundle in Resources */ = {isa = PBXBuildFile; fileRef = 7CB9D07213F958B00077E0A3 /* Settings.bundle */; };
		7CFC73B913F91EEE00805437 /* UIKit.framework in Frameworks */ = {isa = PBXBuildFile; fileRef = 7CFC73B813F91EEE00805437 /* UIKit.framework */; };
		7CFC73BB13F91EEE00805437 /* Foundation.framework in Frameworks */ = {isa = PBXBuildFile; fileRef = 7CFC73BA13F91EEE00805437 /* Foundation.framework */; };
		7CFC73BD13F91EEE00805437 /* CoreGraphics.framework in Frameworks */ = {isa = PBXBuildFile; fileRef = 7CFC73BC13F91EEE00805437 /* CoreGraphics.framework */; };
		7CFC73C313F91EEE00805437 /* InfoPlist.strings in Resources */ = {isa = PBXBuildFile; fileRef = 7CFC73C113F91EEE00805437 /* InfoPlist.strings */; };
		7CFC73C513F91EEE00805437 /* main.m in Sources */ = {isa = PBXBuildFile; fileRef = 7CFC73C413F91EEE00805437 /* main.m */; };
		7CFC73E213F91F5A00805437 /* CoreData.framework in Frameworks */ = {isa = PBXBuildFile; fileRef = 7CFC73E113F91F5A00805437 /* CoreData.framework */; };
		7CFC73E413F91F7900805437 /* libsqlite3.dylib in Frameworks */ = {isa = PBXBuildFile; fileRef = 7CFC73E313F91F7900805437 /* libsqlite3.dylib */; };
		7CFC73E613F91F8500805437 /* AudioToolbox.framework in Frameworks */ = {isa = PBXBuildFile; fileRef = 7CFC73E513F91F8500805437 /* AudioToolbox.framework */; };
		7CFC73E813F91FAA00805437 /* SystemConfiguration.framework in Frameworks */ = {isa = PBXBuildFile; fileRef = 7CFC73E713F91FAA00805437 /* SystemConfiguration.framework */; };
		7CFC73EA13F91FBD00805437 /* MediaPlayer.framework in Frameworks */ = {isa = PBXBuildFile; fileRef = 7CFC73E913F91FBD00805437 /* MediaPlayer.framework */; };
		7CFC73EC13F91FCA00805437 /* StoreKit.framework in Frameworks */ = {isa = PBXBuildFile; fileRef = 7CFC73EB13F91FCA00805437 /* StoreKit.framework */; };
		7CFC73EE13F91FD500805437 /* MessageUI.framework in Frameworks */ = {isa = PBXBuildFile; fileRef = 7CFC73ED13F91FD500805437 /* MessageUI.framework */; };
		7CFC73F313F9228500805437 /* iTunesArtwork in Resources */ = {isa = PBXBuildFile; fileRef = 7CFC73F213F9228500805437 /* iTunesArtwork */; };
		7CFC73F513F9235E00805437 /* Icon.png in Resources */ = {isa = PBXBuildFile; fileRef = 7CFC73F413F9235E00805437 /* Icon.png */; };
		7CFC73F713F9239500805437 /* Icon@2x.png in Resources */ = {isa = PBXBuildFile; fileRef = 7CFC73F613F9239500805437 /* Icon@2x.png */; };
		7CFC73F913F923DD00805437 /* Icon-72.png in Resources */ = {isa = PBXBuildFile; fileRef = 7CFC73F813F923DD00805437 /* Icon-72.png */; };
		7CFC73FB13F9241500805437 /* Icon-Small-50.png in Resources */ = {isa = PBXBuildFile; fileRef = 7CFC73FA13F9241500805437 /* Icon-Small-50.png */; };
		7CFC73FD13F9244300805437 /* Maths.m4v in Resources */ = {isa = PBXBuildFile; fileRef = 7CFC73FC13F9244300805437 /* Maths.m4v */; };
		7CFC73FF13F9246000805437 /* ITest U Video.m4v in Resources */ = {isa = PBXBuildFile; fileRef = 7CFC73FE13F9246000805437 /* ITest U Video.m4v */; };
		7CFC740113F9248800805437 /* Physics.m4v in Resources */ = {isa = PBXBuildFile; fileRef = 7CFC740013F9248800805437 /* Physics.m4v */; };
		7CFC740313F924A600805437 /* Chemistry.m4v in Resources */ = {isa = PBXBuildFile; fileRef = 7CFC740213F924A600805437 /* Chemistry.m4v */; };
		7CFC740513F924BA00805437 /* English.m4v in Resources */ = {isa = PBXBuildFile; fileRef = 7CFC740413F924B900805437 /* English.m4v */; };
		7CFC740713F924D600805437 /* ArrowWoodImpact.aiff in Resources */ = {isa = PBXBuildFile; fileRef = 7CFC740613F924D600805437 /* ArrowWoodImpact.aiff */; };
		7CFC740913F924E700805437 /* Cough.aiff in Resources */ = {isa = PBXBuildFile; fileRef = 7CFC740813F924E700805437 /* Cough.aiff */; };
		7CFC740B13F924F700805437 /* Clapping.aiff in Resources */ = {isa = PBXBuildFile; fileRef = 7CFC740A13F924F700805437 /* Clapping.aiff */; };
		7CFC740D13F9251600805437 /* 45-movie1.png in Resources */ = {isa = PBXBuildFile; fileRef = 7CFC740C13F9251600805437 /* 45-movie1.png */; };
		7CFC740F13F9257300805437 /* FromFree.plist in Resources */ = {isa = PBXBuildFile; fileRef = 7CFC740E13F9257300805437 /* FromFree.plist */; };
		7CFC741313F9258200805437 /* From250.plist in Resources */ = {isa = PBXBuildFile; fileRef = 7CFC741013F9258200805437 /* From250.plist */; };
		7CFC741413F9258200805437 /* From500.plist in Resources */ = {isa = PBXBuildFile; fileRef = 7CFC741113F9258200805437 /* From500.plist */; };
		7CFC741513F9258200805437 /* From750.plist in Resources */ = {isa = PBXBuildFile; fileRef = 7CFC741213F9258200805437 /* From750.plist */; };
		7CFC741713F9259100805437 /* Graph_Iphone.png in Resources */ = {isa = PBXBuildFile; fileRef = 7CFC741613F9259100805437 /* Graph_Iphone.png */; };
		7CFC741913F925A600805437 /* Maths.png in Resources */ = {isa = PBXBuildFile; fileRef = 7CFC741813F925A600805437 /* Maths.png */; };
		7CFC741B13F925B600805437 /* Physics.png in Resources */ = {isa = PBXBuildFile; fileRef = 7CFC741A13F925B600805437 /* Physics.png */; };
		7CFC741D13F925C800805437 /* English.png in Resources */ = {isa = PBXBuildFile; fileRef = 7CFC741C13F925C800805437 /* English.png */; };
		7CFC741F13F925EA00805437 /* Default@2x.png in Resources */ = {isa = PBXBuildFile; fileRef = 7CFC741E13F925EA00805437 /* Default@2x.png */; };
		7CFC742113F9260100805437 /* Default.png in Resources */ = {isa = PBXBuildFile; fileRef = 7CFC742013F9260100805437 /* Default.png */; };
		7CFC742313F9261000805437 /* Chemistry.png in Resources */ = {isa = PBXBuildFile; fileRef = 7CFC742213F9261000805437 /* Chemistry.png */; };
		7CFC742713F9268A00805437 /* BlackBackGround_Iphone.png in Resources */ = {isa = PBXBuildFile; fileRef = 7CFC742613F9268A00805437 /* BlackBackGround_Iphone.png */; };
		7CFC742B13F92BF200805437 /* AdminDashBoard.m in Sources */ = {isa = PBXBuildFile; fileRef = 7CFC742A13F92BF200805437 /* AdminDashBoard.m */; };
		7CFC742F13F92C2700805437 /* lk_QuestionListHeader.xib in Resources */ = {isa = PBXBuildFile; fileRef = 7CFC742C13F92C2700805437 /* lk_QuestionListHeader.xib */; };
		7CFC743013F92C2700805437 /* lk_QuestionLists.m in Sources */ = {isa = PBXBuildFile; fileRef = 7CFC742E13F92C2700805437 /* lk_QuestionLists.m */; };
		7CFC743413F92C4100805437 /* lk_Topics.m in Sources */ = {isa = PBXBuildFile; fileRef = 7CFC743213F92C4100805437 /* lk_Topics.m */; };
		7CFC743513F92C4100805437 /* lk_Topics.xib in Resources */ = {isa = PBXBuildFile; fileRef = 7CFC743313F92C4100805437 /* lk_Topics.xib */; };
		7CFC743A13F92C5D00805437 /* SelectQuestionTemplate.m in Sources */ = {isa = PBXBuildFile; fileRef = 7CFC743713F92C5D00805437 /* SelectQuestionTemplate.m */; };
		7CFC743B13F92C5D00805437 /* SelectTopic.m in Sources */ = {isa = PBXBuildFile; fileRef = 7CFC743913F92C5D00805437 /* SelectTopic.m */; };
		7CFC744013F92C7F00805437 /* SelectAllocatedMarks.m in Sources */ = {isa = PBXBuildFile; fileRef = 7CFC743D13F92C7F00805437 /* SelectAllocatedMarks.m */; };
		7CFC744113F92C7F00805437 /* SelectDifficulty.m in Sources */ = {isa = PBXBuildFile; fileRef = 7CFC743F13F92C7F00805437 /* SelectDifficulty.m */; };
		7CFC744413F92CA500805437 /* ViewQuestionList.m in Sources */ = {isa = PBXBuildFile; fileRef = 7CFC744313F92CA500805437 /* ViewQuestionList.m */; };
		7CFC744713F92CBC00805437 /* Report.m in Sources */ = {isa = PBXBuildFile; fileRef = 7CFC744613F92CBC00805437 /* Report.m */; };
		7CFC744E13F92CED00805437 /* CheckExistingFiles.m in Sources */ = {isa = PBXBuildFile; fileRef = 7CFC744913F92CED00805437 /* CheckExistingFiles.m */; };
		7CFC744F13F92CED00805437 /* CopyrightLicense.m in Sources */ = {isa = PBXBuildFile; fileRef = 7CFC744B13F92CED00805437 /* CopyrightLicense.m */; };
		7CFC745013F92CED00805437 /* Help.m in Sources */ = {isa = PBXBuildFile; fileRef = 7CFC744D13F92CED00805437 /* Help.m */; };
		7CFC745313F92D2800805437 /* HelpVideo.m in Sources */ = {isa = PBXBuildFile; fileRef = 7CFC745213F92D2800805437 /* HelpVideo.m */; };
		7CFC745613F92EF600805437 /* Attribution.m in Sources */ = {isa = PBXBuildFile; fileRef = 7CFC745513F92EF500805437 /* Attribution.m */; };
		7CFC745913F92F0100805437 /* Buy.m in Sources */ = {isa = PBXBuildFile; fileRef = 7CFC745813F92F0100805437 /* Buy.m */; };
		7CFC745C13F92F1400805437 /* CustomStoreObserver.m in Sources */ = {isa = PBXBuildFile; fileRef = 7CFC745B13F92F1400805437 /* CustomStoreObserver.m */; };
		7CFC745F13F92F2400805437 /* LearnersCloudSamplesVideos.m in Sources */ = {isa = PBXBuildFile; fileRef = 7CFC745E13F92F2400805437 /* LearnersCloudSamplesVideos.m */; };
		7CFC746213F92F3600805437 /* VideoPlayer.m in Sources */ = {isa = PBXBuildFile; fileRef = 7CFC746113F92F3600805437 /* VideoPlayer.m */; };
		7CFC746F13F945B500805437 /* MainWindow.xib in Resources */ = {isa = PBXBuildFile; fileRef = 7CFC746E13F945B500805437 /* MainWindow.xib */; };
		7CFC747213F945CB00805437 /* EvaluatorAppDelegate.m in Sources */ = {isa = PBXBuildFile; fileRef = 7CFC747113F945CB00805437 /* EvaluatorAppDelegate.m */; };
		7CFC747513F945DC00805437 /* TabBar.m in Sources */ = {isa = PBXBuildFile; fileRef = 7CFC747413F945DC00805437 /* TabBar.m */; };
		7CFC747813F9460200805437 /* ActivityIndicator.m in Sources */ = {isa = PBXBuildFile; fileRef = 7CFC747713F9460200805437 /* ActivityIndicator.m */; };
		7CFC747B13F94A2000805437 /* buynow.jpeg in Resources */ = {isa = PBXBuildFile; fileRef = 7CFC747A13F94A2000805437 /* buynow.jpeg */; };
		7CFC747D13F94A2F00805437 /* 60-signpost.png in Resources */ = {isa = PBXBuildFile; fileRef = 7CFC747C13F94A2F00805437 /* 60-signpost.png */; };
		7CFC747F13F94A3C00805437 /* 80-shopping-cart.png in Resources */ = {isa = PBXBuildFile; fileRef = 7CFC747E13F94A3C00805437 /* 80-shopping-cart.png */; };
		7CFC748113F94A4800805437 /* LearnersCloudLogo.png in Resources */ = {isa = PBXBuildFile; fileRef = 7CFC748013F94A4800805437 /* LearnersCloudLogo.png */; };
		7CFC748313F94A5500805437 /* 130-dice.png in Resources */ = {isa = PBXBuildFile; fileRef = 7CFC748213F94A5500805437 /* 130-dice.png */; };
		7CFC748513F94A6000805437 /* 44-shoebox.png in Resources */ = {isa = PBXBuildFile; fileRef = 7CFC748413F94A6000805437 /* 44-shoebox.png */; };
		7CFC748713F94A6C00805437 /* 20-gear2.png in Resources */ = {isa = PBXBuildFile; fileRef = 7CFC748613F94A6C00805437 /* 20-gear2.png */; };
		7CFC748913F94A7700805437 /* 10-medical.png in Resources */ = {isa = PBXBuildFile; fileRef = 7CFC748813F94A7700805437 /* 10-medical.png */; };
/* End PBXBuildFile section */

/* Begin PBXFileReference section */
		7CB9D01813F94EE30077E0A3 /* Answers.h */ = {isa = PBXFileReference; fileEncoding = 4; lastKnownFileType = sourcecode.c.h; path = Answers.h; sourceTree = "<group>"; };
		7CB9D01913F94EE30077E0A3 /* Answers.m */ = {isa = PBXFileReference; fileEncoding = 4; lastKnownFileType = sourcecode.c.objc; path = Answers.m; sourceTree = "<group>"; };
		7CB9D01A13F94EE30077E0A3 /* DBVersion.h */ = {isa = PBXFileReference; fileEncoding = 4; lastKnownFileType = sourcecode.c.h; path = DBVersion.h; sourceTree = "<group>"; };
		7CB9D01B13F94EE30077E0A3 /* DBVersion.m */ = {isa = PBXFileReference; fileEncoding = 4; lastKnownFileType = sourcecode.c.objc; path = DBVersion.m; sourceTree = "<group>"; };
		7CB9D01C13F94EE30077E0A3 /* lk_QuestionTemplate.h */ = {isa = PBXFileReference; fileEncoding = 4; lastKnownFileType = sourcecode.c.h; path = lk_QuestionTemplate.h; sourceTree = "<group>"; };
		7CB9D01D13F94EE30077E0A3 /* lk_QuestionTemplate.m */ = {isa = PBXFileReference; fileEncoding = 4; lastKnownFileType = sourcecode.c.objc; path = lk_QuestionTemplate.m; sourceTree = "<group>"; };
		7CB9D01E13F94EE30077E0A3 /* QuestionHeader.h */ = {isa = PBXFileReference; fileEncoding = 4; lastKnownFileType = sourcecode.c.h; path = QuestionHeader.h; sourceTree = "<group>"; };
		7CB9D01F13F94EE30077E0A3 /* QuestionHeader.m */ = {isa = PBXFileReference; fileEncoding = 4; lastKnownFileType = sourcecode.c.objc; path = QuestionHeader.m; sourceTree = "<group>"; };
		7CB9D02013F94EE30077E0A3 /* QuestionItems.h */ = {isa = PBXFileReference; fileEncoding = 4; lastKnownFileType = sourcecode.c.h; path = QuestionItems.h; sourceTree = "<group>"; };
		7CB9D02113F94EE30077E0A3 /* QuestionItems.m */ = {isa = PBXFileReference; fileEncoding = 4; lastKnownFileType = sourcecode.c.objc; path = QuestionItems.m; sourceTree = "<group>"; };
		7CB9D02213F94EE30077E0A3 /* Topics.h */ = {isa = PBXFileReference; fileEncoding = 4; lastKnownFileType = sourcecode.c.h; path = Topics.h; sourceTree = "<group>"; };
		7CB9D02313F94EE30077E0A3 /* Topics.m */ = {isa = PBXFileReference; fileEncoding = 4; lastKnownFileType = sourcecode.c.objc; path = Topics.m; sourceTree = "<group>"; };
		7CB9D02E13F953A90077E0A3 /* Evaluator 2.xcdatamodel */ = {isa = PBXFileReference; lastKnownFileType = wrapper.xcdatamodel; path = "Evaluator 2.xcdatamodel"; sourceTree = "<group>"; };
		7CB9D02F13F953A90077E0A3 /* Evaluator.xcdatamodel */ = {isa = PBXFileReference; lastKnownFileType = wrapper.xcdatamodel; path = Evaluator.xcdatamodel; sourceTree = "<group>"; };
		7CB9D03513F9563F0077E0A3 /* CustomPickerDataSource_Num_Questions.h */ = {isa = PBXFileReference; fileEncoding = 4; lastKnownFileType = sourcecode.c.h; path = CustomPickerDataSource_Num_Questions.h; sourceTree = "<group>"; };
		7CB9D03613F9563F0077E0A3 /* CustomPickerDataSource_Num_Questions.m */ = {isa = PBXFileReference; fileEncoding = 4; lastKnownFileType = sourcecode.c.objc; path = CustomPickerDataSource_Num_Questions.m; sourceTree = "<group>"; };
		7CB9D03913F956990077E0A3 /* AttributionIphone.pdf */ = {isa = PBXFileReference; lastKnownFileType = image.pdf; path = AttributionIphone.pdf; sourceTree = "<group>"; };
		7CB9D03B13F956B10077E0A3 /* Results.xml */ = {isa = PBXFileReference; fileEncoding = 4; lastKnownFileType = text.xml; path = Results.xml; sourceTree = "<group>"; };
		7CB9D03D13F956BE0077E0A3 /* DescriptiveAnswers.xml */ = {isa = PBXFileReference; fileEncoding = 4; lastKnownFileType = text.xml; path = DescriptiveAnswers.xml; sourceTree = "<group>"; };
		7CB9D04013F956FB0077E0A3 /* Start.h */ = {isa = PBXFileReference; fileEncoding = 4; lastKnownFileType = sourcecode.c.h; path = Start.h; sourceTree = "<group>"; };
		7CB9D04113F956FB0077E0A3 /* Start.m */ = {isa = PBXFileReference; fileEncoding = 4; lastKnownFileType = sourcecode.c.objc; path = Start.m; sourceTree = "<group>"; };
		7CB9D04313F957090077E0A3 /* ClientEngine.h */ = {isa = PBXFileReference; fileEncoding = 4; lastKnownFileType = sourcecode.c.h; path = ClientEngine.h; sourceTree = "<group>"; };
		7CB9D04413F957090077E0A3 /* ClientEngine.m */ = {isa = PBXFileReference; fileEncoding = 4; lastKnownFileType = sourcecode.c.objc; path = ClientEngine.m; sourceTree = "<group>"; };
		7CB9D04613F9571A0077E0A3 /* ClientAnswers.h */ = {isa = PBXFileReference; fileEncoding = 4; lastKnownFileType = sourcecode.c.h; path = ClientAnswers.h; sourceTree = "<group>"; };
		7CB9D04713F9571A0077E0A3 /* ClientAnswers.m */ = {isa = PBXFileReference; fileEncoding = 4; lastKnownFileType = sourcecode.c.objc; path = ClientAnswers.m; sourceTree = "<group>"; };
		7CB9D04913F9572D0077E0A3 /* Entitlements.plist */ = {isa = PBXFileReference; fileEncoding = 4; lastKnownFileType = text.plist.xml; path = Entitlements.plist; sourceTree = "<group>"; };
		7CB9D04C13F957A30077E0A3 /* lk_QuestionListsCell.h */ = {isa = PBXFileReference; fileEncoding = 4; lastKnownFileType = sourcecode.c.h; path = lk_QuestionListsCell.h; sourceTree = "<group>"; };
		7CB9D04D13F957A30077E0A3 /* lk_QuestionListsCell.m */ = {isa = PBXFileReference; fileEncoding = 4; lastKnownFileType = sourcecode.c.objc; path = lk_QuestionListsCell.m; sourceTree = "<group>"; };
		7CB9D04F13F957BB0077E0A3 /* lk_TopicsCell.h */ = {isa = PBXFileReference; fileEncoding = 4; lastKnownFileType = sourcecode.c.h; path = lk_TopicsCell.h; sourceTree = "<group>"; };
		7CB9D05013F957BB0077E0A3 /* lk_TopicsCell.m */ = {isa = PBXFileReference; fileEncoding = 4; lastKnownFileType = sourcecode.c.objc; path = lk_TopicsCell.m; sourceTree = "<group>"; };
		7CB9D05213F957D10077E0A3 /* WebViewInCell.h */ = {isa = PBXFileReference; fileEncoding = 4; lastKnownFileType = sourcecode.c.h; path = WebViewInCell.h; sourceTree = "<group>"; };
		7CB9D05313F957D10077E0A3 /* WebViewInCell.m */ = {isa = PBXFileReference; fileEncoding = 4; lastKnownFileType = sourcecode.c.objc; path = WebViewInCell.m; sourceTree = "<group>"; };
		7CB9D05613F958070077E0A3 /* MultipleChoiceSingleAnswer.h */ = {isa = PBXFileReference; fileEncoding = 4; lastKnownFileType = sourcecode.c.h; path = MultipleChoiceSingleAnswer.h; sourceTree = "<group>"; };
		7CB9D05713F958070077E0A3 /* MultipleChoiceSingleAnswer.m */ = {isa = PBXFileReference; fileEncoding = 4; lastKnownFileType = sourcecode.c.objc; path = MultipleChoiceSingleAnswer.m; sourceTree = "<group>"; };
		7CB9D05813F958070077E0A3 /* MultipleChoiceSingleAnswer1.h */ = {isa = PBXFileReference; fileEncoding = 4; lastKnownFileType = sourcecode.c.h; path = MultipleChoiceSingleAnswer1.h; sourceTree = "<group>"; };
		7CB9D05913F958070077E0A3 /* MultipleChoiceSingleAnswer1.m */ = {isa = PBXFileReference; fileEncoding = 4; lastKnownFileType = sourcecode.c.objc; path = MultipleChoiceSingleAnswer1.m; sourceTree = "<group>"; };
		7CB9D05C13F958150077E0A3 /* DescriptiveType.h */ = {isa = PBXFileReference; fileEncoding = 4; lastKnownFileType = sourcecode.c.h; path = DescriptiveType.h; sourceTree = "<group>"; };
		7CB9D05D13F958150077E0A3 /* DescriptiveType.m */ = {isa = PBXFileReference; fileEncoding = 4; lastKnownFileType = sourcecode.c.objc; path = DescriptiveType.m; sourceTree = "<group>"; };
		7CB9D05E13F958150077E0A3 /* DescriptiveType1.h */ = {isa = PBXFileReference; fileEncoding = 4; lastKnownFileType = sourcecode.c.h; path = DescriptiveType1.h; sourceTree = "<group>"; };
		7CB9D05F13F958150077E0A3 /* DescriptiveType1.m */ = {isa = PBXFileReference; fileEncoding = 4; lastKnownFileType = sourcecode.c.objc; path = DescriptiveType1.m; sourceTree = "<group>"; };
		7CB9D06213F958240077E0A3 /* TrueOrFalseYesOrNo.h */ = {isa = PBXFileReference; fileEncoding = 4; lastKnownFileType = sourcecode.c.h; path = TrueOrFalseYesOrNo.h; sourceTree = "<group>"; };
		7CB9D06313F958240077E0A3 /* TrueOrFalseYesOrNo.m */ = {isa = PBXFileReference; fileEncoding = 4; lastKnownFileType = sourcecode.c.objc; path = TrueOrFalseYesOrNo.m; sourceTree = "<group>"; };
		7CB9D06413F958240077E0A3 /* TrueOrFalseYesOrNo1.h */ = {isa = PBXFileReference; fileEncoding = 4; lastKnownFileType = sourcecode.c.h; path = TrueOrFalseYesOrNo1.h; sourceTree = "<group>"; };
		7CB9D06513F958240077E0A3 /* TrueOrFalseYesOrNo1.m */ = {isa = PBXFileReference; fileEncoding = 4; lastKnownFileType = sourcecode.c.objc; path = TrueOrFalseYesOrNo1.m; sourceTree = "<group>"; };
		7CB9D06813F958380077E0A3 /* FillTheBlanks.h */ = {isa = PBXFileReference; fileEncoding = 4; lastKnownFileType = sourcecode.c.h; path = FillTheBlanks.h; sourceTree = "<group>"; };
		7CB9D06913F958380077E0A3 /* FillTheBlanks.m */ = {isa = PBXFileReference; fileEncoding = 4; lastKnownFileType = sourcecode.c.objc; path = FillTheBlanks.m; sourceTree = "<group>"; };
		7CB9D06A13F958380077E0A3 /* FillTheBlanks1.h */ = {isa = PBXFileReference; fileEncoding = 4; lastKnownFileType = sourcecode.c.h; path = FillTheBlanks1.h; sourceTree = "<group>"; };
		7CB9D06B13F958380077E0A3 /* FillTheBlanks1.m */ = {isa = PBXFileReference; fileEncoding = 4; lastKnownFileType = sourcecode.c.objc; path = FillTheBlanks1.m; sourceTree = "<group>"; };
		7CB9D06F13F958720077E0A3 /* Uploads.h */ = {isa = PBXFileReference; fileEncoding = 4; lastKnownFileType = sourcecode.c.h; path = Uploads.h; sourceTree = "<group>"; };
		7CB9D07013F958720077E0A3 /* Uploads.m */ = {isa = PBXFileReference; fileEncoding = 4; lastKnownFileType = sourcecode.c.objc; path = Uploads.m; sourceTree = "<group>"; };
		7CB9D07213F958B00077E0A3 /* Settings.bundle */ = {isa = PBXFileReference; lastKnownFileType = "wrapper.plug-in"; path = Settings.bundle; sourceTree = "<group>"; };
		7CB9D07413F9597A0077E0A3 /* GCSEMaths.entitlements */ = {isa = PBXFileReference; lastKnownFileType = text.xml; name = GCSEMaths.entitlements; path = GCSEMaths/GCSEMaths.entitlements; sourceTree = "<group>"; };
		7CFC73B413F91EEE00805437 /* GCSEMaths.app */ = {isa = PBXFileReference; explicitFileType = wrapper.application; includeInIndex = 0; path = GCSEMaths.app; sourceTree = BUILT_PRODUCTS_DIR; };
		7CFC73B813F91EEE00805437 /* UIKit.framework */ = {isa = PBXFileReference; lastKnownFileType = wrapper.framework; name = UIKit.framework; path = System/Library/Frameworks/UIKit.framework; sourceTree = SDKROOT; };
		7CFC73BA13F91EEE00805437 /* Foundation.framework */ = {isa = PBXFileReference; lastKnownFileType = wrapper.framework; name = Foundation.framework; path = System/Library/Frameworks/Foundation.framework; sourceTree = SDKROOT; };
		7CFC73BC13F91EEE00805437 /* CoreGraphics.framework */ = {isa = PBXFileReference; lastKnownFileType = wrapper.framework; name = CoreGraphics.framework; path = System/Library/Frameworks/CoreGraphics.framework; sourceTree = SDKROOT; };
		7CFC73C013F91EEE00805437 /* GCSEMaths-Info.plist */ = {isa = PBXFileReference; lastKnownFileType = text.plist.xml; name = "GCSEMaths-Info.plist"; path = "GCSEMaths/GCSEMaths-Info.plist"; sourceTree = "<group>"; };
		7CFC73C213F91EEE00805437 /* en */ = {isa = PBXFileReference; lastKnownFileType = text.plist.strings; name = en; path = en.lproj/InfoPlist.strings; sourceTree = "<group>"; };
		7CFC73C413F91EEE00805437 /* main.m */ = {isa = PBXFileReference; lastKnownFileType = sourcecode.c.objc; path = main.m; sourceTree = "<group>"; };
		7CFC73C613F91EEE00805437 /* GCSEMaths-Prefix.pch */ = {isa = PBXFileReference; lastKnownFileType = sourcecode.c.h; path = "GCSEMaths-Prefix.pch"; sourceTree = "<group>"; };
		7CFC73E113F91F5A00805437 /* CoreData.framework */ = {isa = PBXFileReference; lastKnownFileType = wrapper.framework; name = CoreData.framework; path = System/Library/Frameworks/CoreData.framework; sourceTree = SDKROOT; };
		7CFC73E313F91F7900805437 /* libsqlite3.dylib */ = {isa = PBXFileReference; lastKnownFileType = "compiled.mach-o.dylib"; name = libsqlite3.dylib; path = usr/lib/libsqlite3.dylib; sourceTree = SDKROOT; };
		7CFC73E513F91F8500805437 /* AudioToolbox.framework */ = {isa = PBXFileReference; lastKnownFileType = wrapper.framework; name = AudioToolbox.framework; path = System/Library/Frameworks/AudioToolbox.framework; sourceTree = SDKROOT; };
		7CFC73E713F91FAA00805437 /* SystemConfiguration.framework */ = {isa = PBXFileReference; lastKnownFileType = wrapper.framework; name = SystemConfiguration.framework; path = System/Library/Frameworks/SystemConfiguration.framework; sourceTree = SDKROOT; };
		7CFC73E913F91FBD00805437 /* MediaPlayer.framework */ = {isa = PBXFileReference; lastKnownFileType = wrapper.framework; name = MediaPlayer.framework; path = System/Library/Frameworks/MediaPlayer.framework; sourceTree = SDKROOT; };
		7CFC73EB13F91FCA00805437 /* StoreKit.framework */ = {isa = PBXFileReference; lastKnownFileType = wrapper.framework; name = StoreKit.framework; path = System/Library/Frameworks/StoreKit.framework; sourceTree = SDKROOT; };
		7CFC73ED13F91FD500805437 /* MessageUI.framework */ = {isa = PBXFileReference; lastKnownFileType = wrapper.framework; name = MessageUI.framework; path = System/Library/Frameworks/MessageUI.framework; sourceTree = SDKROOT; };
		7CFC73F213F9228500805437 /* iTunesArtwork */ = {isa = PBXFileReference; lastKnownFileType = file; path = iTunesArtwork; sourceTree = "<group>"; };
		7CFC73F413F9235E00805437 /* Icon.png */ = {isa = PBXFileReference; lastKnownFileType = image.png; path = Icon.png; sourceTree = "<group>"; };
		7CFC73F613F9239500805437 /* Icon@2x.png */ = {isa = PBXFileReference; lastKnownFileType = image.png; path = "Icon@2x.png"; sourceTree = "<group>"; };
		7CFC73F813F923DD00805437 /* Icon-72.png */ = {isa = PBXFileReference; lastKnownFileType = image.png; path = "Icon-72.png"; sourceTree = "<group>"; };
		7CFC73FA13F9241500805437 /* Icon-Small-50.png */ = {isa = PBXFileReference; lastKnownFileType = image.png; path = "Icon-Small-50.png"; sourceTree = "<group>"; };
		7CFC73FC13F9244300805437 /* Maths.m4v */ = {isa = PBXFileReference; lastKnownFileType = file; path = Maths.m4v; sourceTree = "<group>"; };
		7CFC73FE13F9246000805437 /* ITest U Video.m4v */ = {isa = PBXFileReference; lastKnownFileType = file; path = "ITest U Video.m4v"; sourceTree = "<group>"; };
		7CFC740013F9248800805437 /* Physics.m4v */ = {isa = PBXFileReference; lastKnownFileType = file; path = Physics.m4v; sourceTree = "<group>"; };
		7CFC740213F924A600805437 /* Chemistry.m4v */ = {isa = PBXFileReference; lastKnownFileType = file; path = Chemistry.m4v; sourceTree = "<group>"; };
		7CFC740413F924B900805437 /* English.m4v */ = {isa = PBXFileReference; lastKnownFileType = file; path = English.m4v; sourceTree = "<group>"; };
		7CFC740613F924D600805437 /* ArrowWoodImpact.aiff */ = {isa = PBXFileReference; lastKnownFileType = audio.aiff; path = ArrowWoodImpact.aiff; sourceTree = "<group>"; };
		7CFC740813F924E700805437 /* Cough.aiff */ = {isa = PBXFileReference; lastKnownFileType = audio.aiff; path = Cough.aiff; sourceTree = "<group>"; };
		7CFC740A13F924F700805437 /* Clapping.aiff */ = {isa = PBXFileReference; lastKnownFileType = audio.aiff; path = Clapping.aiff; sourceTree = "<group>"; };
		7CFC740C13F9251600805437 /* 45-movie1.png */ = {isa = PBXFileReference; lastKnownFileType = image.png; path = "45-movie1.png"; sourceTree = "<group>"; };
		7CFC740E13F9257300805437 /* FromFree.plist */ = {isa = PBXFileReference; fileEncoding = 4; lastKnownFileType = text.plist.xml; path = FromFree.plist; sourceTree = "<group>"; };
		7CFC741013F9258200805437 /* From250.plist */ = {isa = PBXFileReference; fileEncoding = 4; lastKnownFileType = text.plist.xml; path = From250.plist; sourceTree = "<group>"; };
		7CFC741113F9258200805437 /* From500.plist */ = {isa = PBXFileReference; fileEncoding = 4; lastKnownFileType = text.plist.xml; path = From500.plist; sourceTree = "<group>"; };
		7CFC741213F9258200805437 /* From750.plist */ = {isa = PBXFileReference; fileEncoding = 4; lastKnownFileType = text.plist.xml; path = From750.plist; sourceTree = "<group>"; };
		7CFC741613F9259100805437 /* Graph_Iphone.png */ = {isa = PBXFileReference; lastKnownFileType = image.png; path = Graph_Iphone.png; sourceTree = "<group>"; };
		7CFC741813F925A600805437 /* Maths.png */ = {isa = PBXFileReference; lastKnownFileType = image.png; path = Maths.png; sourceTree = "<group>"; };
		7CFC741A13F925B600805437 /* Physics.png */ = {isa = PBXFileReference; lastKnownFileType = image.png; path = Physics.png; sourceTree = "<group>"; };
		7CFC741C13F925C800805437 /* English.png */ = {isa = PBXFileReference; lastKnownFileType = image.png; path = English.png; sourceTree = "<group>"; };
		7CFC741E13F925EA00805437 /* Default@2x.png */ = {isa = PBXFileReference; lastKnownFileType = image.png; path = "Default@2x.png"; sourceTree = "<group>"; };
		7CFC742013F9260100805437 /* Default.png */ = {isa = PBXFileReference; lastKnownFileType = image.png; path = Default.png; sourceTree = "<group>"; };
		7CFC742213F9261000805437 /* Chemistry.png */ = {isa = PBXFileReference; lastKnownFileType = image.png; path = Chemistry.png; sourceTree = "<group>"; };
		7CFC742613F9268A00805437 /* BlackBackGround_Iphone.png */ = {isa = PBXFileReference; lastKnownFileType = image.png; path = BlackBackGround_Iphone.png; sourceTree = "<group>"; };
		7CFC742913F92BF200805437 /* AdminDashBoard.h */ = {isa = PBXFileReference; fileEncoding = 4; lastKnownFileType = sourcecode.c.h; path = AdminDashBoard.h; sourceTree = "<group>"; };
		7CFC742A13F92BF200805437 /* AdminDashBoard.m */ = {isa = PBXFileReference; fileEncoding = 4; lastKnownFileType = sourcecode.c.objc; path = AdminDashBoard.m; sourceTree = "<group>"; };
		7CFC742C13F92C2700805437 /* lk_QuestionListHeader.xib */ = {isa = PBXFileReference; fileEncoding = 4; lastKnownFileType = file.xib; path = lk_QuestionListHeader.xib; sourceTree = "<group>"; };
		7CFC742D13F92C2700805437 /* lk_QuestionLists.h */ = {isa = PBXFileReference; fileEncoding = 4; lastKnownFileType = sourcecode.c.h; path = lk_QuestionLists.h; sourceTree = "<group>"; };
		7CFC742E13F92C2700805437 /* lk_QuestionLists.m */ = {isa = PBXFileReference; fileEncoding = 4; lastKnownFileType = sourcecode.c.objc; path = lk_QuestionLists.m; sourceTree = "<group>"; };
		7CFC743113F92C4100805437 /* lk_Topics.h */ = {isa = PBXFileReference; fileEncoding = 4; lastKnownFileType = sourcecode.c.h; path = lk_Topics.h; sourceTree = "<group>"; };
		7CFC743213F92C4100805437 /* lk_Topics.m */ = {isa = PBXFileReference; fileEncoding = 4; lastKnownFileType = sourcecode.c.objc; path = lk_Topics.m; sourceTree = "<group>"; };
		7CFC743313F92C4100805437 /* lk_Topics.xib */ = {isa = PBXFileReference; fileEncoding = 4; lastKnownFileType = file.xib; path = lk_Topics.xib; sourceTree = "<group>"; };
		7CFC743613F92C5D00805437 /* SelectQuestionTemplate.h */ = {isa = PBXFileReference; fileEncoding = 4; lastKnownFileType = sourcecode.c.h; path = SelectQuestionTemplate.h; sourceTree = "<group>"; };
		7CFC743713F92C5D00805437 /* SelectQuestionTemplate.m */ = {isa = PBXFileReference; fileEncoding = 4; lastKnownFileType = sourcecode.c.objc; path = SelectQuestionTemplate.m; sourceTree = "<group>"; };
		7CFC743813F92C5D00805437 /* SelectTopic.h */ = {isa = PBXFileReference; fileEncoding = 4; lastKnownFileType = sourcecode.c.h; path = SelectTopic.h; sourceTree = "<group>"; };
		7CFC743913F92C5D00805437 /* SelectTopic.m */ = {isa = PBXFileReference; fileEncoding = 4; lastKnownFileType = sourcecode.c.objc; path = SelectTopic.m; sourceTree = "<group>"; };
		7CFC743C13F92C7F00805437 /* SelectAllocatedMarks.h */ = {isa = PBXFileReference; fileEncoding = 4; lastKnownFileType = sourcecode.c.h; path = SelectAllocatedMarks.h; sourceTree = "<group>"; };
		7CFC743D13F92C7F00805437 /* SelectAllocatedMarks.m */ = {isa = PBXFileReference; fileEncoding = 4; lastKnownFileType = sourcecode.c.objc; path = SelectAllocatedMarks.m; sourceTree = "<group>"; };
		7CFC743E13F92C7F00805437 /* SelectDifficulty.h */ = {isa = PBXFileReference; fileEncoding = 4; lastKnownFileType = sourcecode.c.h; path = SelectDifficulty.h; sourceTree = "<group>"; };
		7CFC743F13F92C7F00805437 /* SelectDifficulty.m */ = {isa = PBXFileReference; fileEncoding = 4; lastKnownFileType = sourcecode.c.objc; path = SelectDifficulty.m; sourceTree = "<group>"; };
		7CFC744213F92CA500805437 /* ViewQuestionList.h */ = {isa = PBXFileReference; fileEncoding = 4; lastKnownFileType = sourcecode.c.h; path = ViewQuestionList.h; sourceTree = "<group>"; };
		7CFC744313F92CA500805437 /* ViewQuestionList.m */ = {isa = PBXFileReference; fileEncoding = 4; lastKnownFileType = sourcecode.c.objc; path = ViewQuestionList.m; sourceTree = "<group>"; };
		7CFC744513F92CBC00805437 /* Report.h */ = {isa = PBXFileReference; fileEncoding = 4; lastKnownFileType = sourcecode.c.h; path = Report.h; sourceTree = "<group>"; };
		7CFC744613F92CBC00805437 /* Report.m */ = {isa = PBXFileReference; fileEncoding = 4; lastKnownFileType = sourcecode.c.objc; path = Report.m; sourceTree = "<group>"; };
		7CFC744813F92CED00805437 /* CheckExistingFiles.h */ = {isa = PBXFileReference; fileEncoding = 4; lastKnownFileType = sourcecode.c.h; path = CheckExistingFiles.h; sourceTree = "<group>"; };
		7CFC744913F92CED00805437 /* CheckExistingFiles.m */ = {isa = PBXFileReference; fileEncoding = 4; lastKnownFileType = sourcecode.c.objc; path = CheckExistingFiles.m; sourceTree = "<group>"; };
		7CFC744A13F92CED00805437 /* CopyrightLicense.h */ = {isa = PBXFileReference; fileEncoding = 4; lastKnownFileType = sourcecode.c.h; path = CopyrightLicense.h; sourceTree = "<group>"; };
		7CFC744B13F92CED00805437 /* CopyrightLicense.m */ = {isa = PBXFileReference; fileEncoding = 4; lastKnownFileType = sourcecode.c.objc; path = CopyrightLicense.m; sourceTree = "<group>"; };
		7CFC744C13F92CED00805437 /* Help.h */ = {isa = PBXFileReference; fileEncoding = 4; lastKnownFileType = sourcecode.c.h; path = Help.h; sourceTree = "<group>"; };
		7CFC744D13F92CED00805437 /* Help.m */ = {isa = PBXFileReference; fileEncoding = 4; lastKnownFileType = sourcecode.c.objc; path = Help.m; sourceTree = "<group>"; };
		7CFC745113F92D2800805437 /* HelpVideo.h */ = {isa = PBXFileReference; fileEncoding = 4; lastKnownFileType = sourcecode.c.h; path = HelpVideo.h; sourceTree = "<group>"; };
		7CFC745213F92D2800805437 /* HelpVideo.m */ = {isa = PBXFileReference; fileEncoding = 4; lastKnownFileType = sourcecode.c.objc; path = HelpVideo.m; sourceTree = "<group>"; };
		7CFC745413F92EF500805437 /* Attribution.h */ = {isa = PBXFileReference; fileEncoding = 4; lastKnownFileType = sourcecode.c.h; path = Attribution.h; sourceTree = "<group>"; };
		7CFC745513F92EF500805437 /* Attribution.m */ = {isa = PBXFileReference; fileEncoding = 4; lastKnownFileType = sourcecode.c.objc; path = Attribution.m; sourceTree = "<group>"; };
		7CFC745713F92F0100805437 /* Buy.h */ = {isa = PBXFileReference; fileEncoding = 4; lastKnownFileType = sourcecode.c.h; lineEnding = 0; path = Buy.h; sourceTree = "<group>"; xcLanguageSpecificationIdentifier = xcode.lang.objcpp; };
		7CFC745813F92F0100805437 /* Buy.m */ = {isa = PBXFileReference; fileEncoding = 4; lastKnownFileType = sourcecode.c.objc; lineEnding = 0; path = Buy.m; sourceTree = "<group>"; xcLanguageSpecificationIdentifier = xcode.lang.objc; };
		7CFC745A13F92F1400805437 /* CustomStoreObserver.h */ = {isa = PBXFileReference; fileEncoding = 4; lastKnownFileType = sourcecode.c.h; path = CustomStoreObserver.h; sourceTree = "<group>"; };
		7CFC745B13F92F1400805437 /* CustomStoreObserver.m */ = {isa = PBXFileReference; fileEncoding = 4; lastKnownFileType = sourcecode.c.objc; path = CustomStoreObserver.m; sourceTree = "<group>"; };
		7CFC745D13F92F2400805437 /* LearnersCloudSamplesVideos.h */ = {isa = PBXFileReference; fileEncoding = 4; lastKnownFileType = sourcecode.c.h; path = LearnersCloudSamplesVideos.h; sourceTree = "<group>"; };
		7CFC745E13F92F2400805437 /* LearnersCloudSamplesVideos.m */ = {isa = PBXFileReference; fileEncoding = 4; lastKnownFileType = sourcecode.c.objc; path = LearnersCloudSamplesVideos.m; sourceTree = "<group>"; };
		7CFC746013F92F3600805437 /* VideoPlayer.h */ = {isa = PBXFileReference; fileEncoding = 4; lastKnownFileType = sourcecode.c.h; path = VideoPlayer.h; sourceTree = "<group>"; };
		7CFC746113F92F3600805437 /* VideoPlayer.m */ = {isa = PBXFileReference; fileEncoding = 4; lastKnownFileType = sourcecode.c.objc; path = VideoPlayer.m; sourceTree = "<group>"; };
		7CFC746E13F945B500805437 /* MainWindow.xib */ = {isa = PBXFileReference; fileEncoding = 4; lastKnownFileType = file.xib; path = MainWindow.xib; sourceTree = "<group>"; };
		7CFC747013F945CB00805437 /* EvaluatorAppDelegate.h */ = {isa = PBXFileReference; fileEncoding = 4; lastKnownFileType = sourcecode.c.h; path = EvaluatorAppDelegate.h; sourceTree = "<group>"; };
		7CFC747113F945CB00805437 /* EvaluatorAppDelegate.m */ = {isa = PBXFileReference; fileEncoding = 4; lastKnownFileType = sourcecode.c.objc; path = EvaluatorAppDelegate.m; sourceTree = "<group>"; };
		7CFC747313F945DC00805437 /* TabBar.h */ = {isa = PBXFileReference; fileEncoding = 4; lastKnownFileType = sourcecode.c.h; path = TabBar.h; sourceTree = "<group>"; };
		7CFC747413F945DC00805437 /* TabBar.m */ = {isa = PBXFileReference; fileEncoding = 4; lastKnownFileType = sourcecode.c.objc; path = TabBar.m; sourceTree = "<group>"; };
		7CFC747613F9460200805437 /* ActivityIndicator.h */ = {isa = PBXFileReference; fileEncoding = 4; lastKnownFileType = sourcecode.c.h; path = ActivityIndicator.h; sourceTree = "<group>"; };
		7CFC747713F9460200805437 /* ActivityIndicator.m */ = {isa = PBXFileReference; fileEncoding = 4; lastKnownFileType = sourcecode.c.objc; path = ActivityIndicator.m; sourceTree = "<group>"; };
		7CFC747A13F94A2000805437 /* buynow.jpeg */ = {isa = PBXFileReference; lastKnownFileType = image.jpeg; path = buynow.jpeg; sourceTree = "<group>"; };
		7CFC747C13F94A2F00805437 /* 60-signpost.png */ = {isa = PBXFileReference; lastKnownFileType = image.png; path = "60-signpost.png"; sourceTree = "<group>"; };
		7CFC747E13F94A3C00805437 /* 80-shopping-cart.png */ = {isa = PBXFileReference; lastKnownFileType = image.png; path = "80-shopping-cart.png"; sourceTree = "<group>"; };
		7CFC748013F94A4800805437 /* LearnersCloudLogo.png */ = {isa = PBXFileReference; lastKnownFileType = image.png; path = LearnersCloudLogo.png; sourceTree = "<group>"; };
		7CFC748213F94A5500805437 /* 130-dice.png */ = {isa = PBXFileReference; lastKnownFileType = image.png; path = "130-dice.png"; sourceTree = "<group>"; };
		7CFC748413F94A6000805437 /* 44-shoebox.png */ = {isa = PBXFileReference; lastKnownFileType = image.png; path = "44-shoebox.png"; sourceTree = "<group>"; };
		7CFC748613F94A6C00805437 /* 20-gear2.png */ = {isa = PBXFileReference; lastKnownFileType = image.png; path = "20-gear2.png"; sourceTree = "<group>"; };
		7CFC748813F94A7700805437 /* 10-medical.png */ = {isa = PBXFileReference; lastKnownFileType = image.png; path = "10-medical.png"; sourceTree = "<group>"; };
/* End PBXFileReference section */

/* Begin PBXFrameworksBuildPhase section */
		7CFC73B113F91EEE00805437 /* Frameworks */ = {
			isa = PBXFrameworksBuildPhase;
			buildActionMask = 2147483647;
			files = (
				7CFC73EE13F91FD500805437 /* MessageUI.framework in Frameworks */,
				7CFC73EC13F91FCA00805437 /* StoreKit.framework in Frameworks */,
				7CFC73EA13F91FBD00805437 /* MediaPlayer.framework in Frameworks */,
				7CFC73E813F91FAA00805437 /* SystemConfiguration.framework in Frameworks */,
				7CFC73E613F91F8500805437 /* AudioToolbox.framework in Frameworks */,
				7CFC73E413F91F7900805437 /* libsqlite3.dylib in Frameworks */,
				7CFC73E213F91F5A00805437 /* CoreData.framework in Frameworks */,
				7CFC73B913F91EEE00805437 /* UIKit.framework in Frameworks */,
				7CFC73BB13F91EEE00805437 /* Foundation.framework in Frameworks */,
				7CFC73BD13F91EEE00805437 /* CoreGraphics.framework in Frameworks */,
			);
			runOnlyForDeploymentPostprocessing = 0;
		};
/* End PBXFrameworksBuildPhase section */

/* Begin PBXGroup section */
		7CB9D03413F956240077E0A3 /* Others */ = {
			isa = PBXGroup;
			children = (
				7CB9D03513F9563F0077E0A3 /* CustomPickerDataSource_Num_Questions.h */,
				7CB9D03613F9563F0077E0A3 /* CustomPickerDataSource_Num_Questions.m */,
			);
			name = Others;
			sourceTree = "<group>";
		};
		7CB9D03813F956700077E0A3 /* AppFiles */ = {
			isa = PBXGroup;
			children = (
				7CB9D03913F956990077E0A3 /* AttributionIphone.pdf */,
				7CB9D03B13F956B10077E0A3 /* Results.xml */,
				7CB9D03D13F956BE0077E0A3 /* DescriptiveAnswers.xml */,
			);
			name = AppFiles;
			sourceTree = "<group>";
		};
		7CB9D03F13F956E30077E0A3 /* ClientSideClasses */ = {
			isa = PBXGroup;
			children = (
				7CB9D04013F956FB0077E0A3 /* Start.h */,
				7CB9D04113F956FB0077E0A3 /* Start.m */,
				7CB9D04313F957090077E0A3 /* ClientEngine.h */,
				7CB9D04413F957090077E0A3 /* ClientEngine.m */,
				7CB9D04613F9571A0077E0A3 /* ClientAnswers.h */,
				7CB9D04713F9571A0077E0A3 /* ClientAnswers.m */,
			);
			name = ClientSideClasses;
			sourceTree = "<group>";
		};
		7CB9D04B13F957830077E0A3 /* Table Cells */ = {
			isa = PBXGroup;
			children = (
				7CB9D04C13F957A30077E0A3 /* lk_QuestionListsCell.h */,
				7CB9D04D13F957A30077E0A3 /* lk_QuestionListsCell.m */,
				7CB9D04F13F957BB0077E0A3 /* lk_TopicsCell.h */,
				7CB9D05013F957BB0077E0A3 /* lk_TopicsCell.m */,
				7CB9D05213F957D10077E0A3 /* WebViewInCell.h */,
				7CB9D05313F957D10077E0A3 /* WebViewInCell.m */,
			);
			name = "Table Cells";
			sourceTree = "<group>";
		};
		7CB9D05513F957E80077E0A3 /* Template Views */ = {
			isa = PBXGroup;
			children = (
				7CB9D05613F958070077E0A3 /* MultipleChoiceSingleAnswer.h */,
				7CB9D05713F958070077E0A3 /* MultipleChoiceSingleAnswer.m */,
				7CB9D05813F958070077E0A3 /* MultipleChoiceSingleAnswer1.h */,
				7CB9D05913F958070077E0A3 /* MultipleChoiceSingleAnswer1.m */,
				7CB9D05C13F958150077E0A3 /* DescriptiveType.h */,
				7CB9D05D13F958150077E0A3 /* DescriptiveType.m */,
				7CB9D05E13F958150077E0A3 /* DescriptiveType1.h */,
				7CB9D05F13F958150077E0A3 /* DescriptiveType1.m */,
				7CB9D06213F958240077E0A3 /* TrueOrFalseYesOrNo.h */,
				7CB9D06313F958240077E0A3 /* TrueOrFalseYesOrNo.m */,
				7CB9D06413F958240077E0A3 /* TrueOrFalseYesOrNo1.h */,
				7CB9D06513F958240077E0A3 /* TrueOrFalseYesOrNo1.m */,
				7CB9D06813F958380077E0A3 /* FillTheBlanks.h */,
				7CB9D06913F958380077E0A3 /* FillTheBlanks.m */,
				7CB9D06A13F958380077E0A3 /* FillTheBlanks1.h */,
				7CB9D06B13F958380077E0A3 /* FillTheBlanks1.m */,
			);
			name = "Template Views";
			sourceTree = "<group>";
		};
		7CB9D06E13F9584F0077E0A3 /* UploadData */ = {
			isa = PBXGroup;
			children = (
				7CB9D06F13F958720077E0A3 /* Uploads.h */,
				7CB9D07013F958720077E0A3 /* Uploads.m */,
			);
			name = UploadData;
			sourceTree = "<group>";
		};
		7CFC73A913F91EEE00805437 = {
			isa = PBXGroup;
			children = (
				7CB9D07413F9597A0077E0A3 /* GCSEMaths.entitlements */,
				7CB9D07213F958B00077E0A3 /* Settings.bundle */,
				7CB9D04913F9572D0077E0A3 /* Entitlements.plist */,
				7CB9D06E13F9584F0077E0A3 /* UploadData */,
				7CB9D05513F957E80077E0A3 /* Template Views */,
				7CB9D04B13F957830077E0A3 /* Table Cells */,
				7CB9D03F13F956E30077E0A3 /* ClientSideClasses */,
				7CB9D03813F956700077E0A3 /* AppFiles */,
				7CB9D03413F956240077E0A3 /* Others */,
				7CFC748A13F94C5800805437 /* Model and Model Classes */,
				7CFC747913F949EF00805437 /* Icons */,
				7CFC73BE13F91EEE00805437 /* Main Window */,
				7CFC73BF13F91EEE00805437 /* Other Sources */,
				7CFC742813F92BBC00805437 /* Classes */,
				7CFC73EF13F9213100805437 /* Resources */,
				7CFC73B713F91EEE00805437 /* Frameworks */,
				7CFC73B513F91EEE00805437 /* Products */,
			);
			sourceTree = "<group>";
		};
		7CFC73B513F91EEE00805437 /* Products */ = {
			isa = PBXGroup;
			children = (
				7CFC73B413F91EEE00805437 /* GCSEMaths.app */,
			);
			name = Products;
			sourceTree = "<group>";
		};
		7CFC73B713F91EEE00805437 /* Frameworks */ = {
			isa = PBXGroup;
			children = (
				7CFC73ED13F91FD500805437 /* MessageUI.framework */,
				7CFC73EB13F91FCA00805437 /* StoreKit.framework */,
				7CFC73E913F91FBD00805437 /* MediaPlayer.framework */,
				7CFC73E713F91FAA00805437 /* SystemConfiguration.framework */,
				7CFC73E513F91F8500805437 /* AudioToolbox.framework */,
				7CFC73E313F91F7900805437 /* libsqlite3.dylib */,
				7CFC73E113F91F5A00805437 /* CoreData.framework */,
				7CFC73B813F91EEE00805437 /* UIKit.framework */,
				7CFC73BA13F91EEE00805437 /* Foundation.framework */,
				7CFC73BC13F91EEE00805437 /* CoreGraphics.framework */,
			);
			name = Frameworks;
			sourceTree = "<group>";
		};
		7CFC73BE13F91EEE00805437 /* Main Window */ = {
			isa = PBXGroup;
			children = (
				7CFC746E13F945B500805437 /* MainWindow.xib */,
				7CFC747013F945CB00805437 /* EvaluatorAppDelegate.h */,
				7CFC747113F945CB00805437 /* EvaluatorAppDelegate.m */,
				7CFC747313F945DC00805437 /* TabBar.h */,
				7CFC747413F945DC00805437 /* TabBar.m */,
				7CFC747613F9460200805437 /* ActivityIndicator.h */,
				7CFC747713F9460200805437 /* ActivityIndicator.m */,
			);
			name = "Main Window";
			path = GCSEMaths;
			sourceTree = "<group>";
		};
		7CFC73BF13F91EEE00805437 /* Other Sources */ = {
			isa = PBXGroup;
			children = (
				7CFC73C113F91EEE00805437 /* InfoPlist.strings */,
				7CFC73C413F91EEE00805437 /* main.m */,
				7CFC73C613F91EEE00805437 /* GCSEMaths-Prefix.pch */,
			);
			name = "Other Sources";
			path = GCSEMaths;
			sourceTree = "<group>";
		};
		7CFC73EF13F9213100805437 /* Resources */ = {
			isa = PBXGroup;
			children = (
				7CFC73F213F9228500805437 /* iTunesArtwork */,
				7CFC73F413F9235E00805437 /* Icon.png */,
				7CFC73F613F9239500805437 /* Icon@2x.png */,
				7CFC73F813F923DD00805437 /* Icon-72.png */,
				7CFC73FA13F9241500805437 /* Icon-Small-50.png */,
				7CFC73FC13F9244300805437 /* Maths.m4v */,
				7CFC73FE13F9246000805437 /* ITest U Video.m4v */,
				7CFC740013F9248800805437 /* Physics.m4v */,
				7CFC740213F924A600805437 /* Chemistry.m4v */,
				7CFC740413F924B900805437 /* English.m4v */,
				7CFC740613F924D600805437 /* ArrowWoodImpact.aiff */,
				7CFC740813F924E700805437 /* Cough.aiff */,
				7CFC740A13F924F700805437 /* Clapping.aiff */,
				7CFC740C13F9251600805437 /* 45-movie1.png */,
				7CFC73C013F91EEE00805437 /* GCSEMaths-Info.plist */,
				7CFC740E13F9257300805437 /* FromFree.plist */,
				7CFC741013F9258200805437 /* From250.plist */,
				7CFC741113F9258200805437 /* From500.plist */,
				7CFC741213F9258200805437 /* From750.plist */,
				7CFC741613F9259100805437 /* Graph_Iphone.png */,
				7CFC741813F925A600805437 /* Maths.png */,
				7CFC741A13F925B600805437 /* Physics.png */,
				7CFC741C13F925C800805437 /* English.png */,
				7CFC741E13F925EA00805437 /* Default@2x.png */,
				7CFC742013F9260100805437 /* Default.png */,
				7CFC742213F9261000805437 /* Chemistry.png */,
				7CFC742613F9268A00805437 /* BlackBackGround_Iphone.png */,
			);
			name = Resources;
			sourceTree = "<group>";
		};
		7CFC742813F92BBC00805437 /* Classes */ = {
			isa = PBXGroup;
			children = (
				7CFC742913F92BF200805437 /* AdminDashBoard.h */,
				7CFC742A13F92BF200805437 /* AdminDashBoard.m */,
				7CFC742C13F92C2700805437 /* lk_QuestionListHeader.xib */,
				7CFC742D13F92C2700805437 /* lk_QuestionLists.h */,
				7CFC742E13F92C2700805437 /* lk_QuestionLists.m */,
				7CFC743113F92C4100805437 /* lk_Topics.h */,
				7CFC743213F92C4100805437 /* lk_Topics.m */,
				7CFC743313F92C4100805437 /* lk_Topics.xib */,
				7CFC743613F92C5D00805437 /* SelectQuestionTemplate.h */,
				7CFC743713F92C5D00805437 /* SelectQuestionTemplate.m */,
				7CFC743813F92C5D00805437 /* SelectTopic.h */,
				7CFC743913F92C5D00805437 /* SelectTopic.m */,
				7CFC743C13F92C7F00805437 /* SelectAllocatedMarks.h */,
				7CFC743D13F92C7F00805437 /* SelectAllocatedMarks.m */,
				7CFC743E13F92C7F00805437 /* SelectDifficulty.h */,
				7CFC743F13F92C7F00805437 /* SelectDifficulty.m */,
				7CFC744213F92CA500805437 /* ViewQuestionList.h */,
				7CFC744313F92CA500805437 /* ViewQuestionList.m */,
				7CFC744513F92CBC00805437 /* Report.h */,
				7CFC744613F92CBC00805437 /* Report.m */,
				7CFC744813F92CED00805437 /* CheckExistingFiles.h */,
				7CFC744913F92CED00805437 /* CheckExistingFiles.m */,
				7CFC744C13F92CED00805437 /* Help.h */,
				7CFC744D13F92CED00805437 /* Help.m */,
				7CFC744A13F92CED00805437 /* CopyrightLicense.h */,
				7CFC744B13F92CED00805437 /* CopyrightLicense.m */,
				7CFC745113F92D2800805437 /* HelpVideo.h */,
				7CFC745213F92D2800805437 /* HelpVideo.m */,
				7CFC745413F92EF500805437 /* Attribution.h */,
				7CFC745513F92EF500805437 /* Attribution.m */,
				7CFC745713F92F0100805437 /* Buy.h */,
				7CFC745813F92F0100805437 /* Buy.m */,
				7CFC745A13F92F1400805437 /* CustomStoreObserver.h */,
				7CFC745B13F92F1400805437 /* CustomStoreObserver.m */,
				7CFC745D13F92F2400805437 /* LearnersCloudSamplesVideos.h */,
				7CFC745E13F92F2400805437 /* LearnersCloudSamplesVideos.m */,
				7CFC746013F92F3600805437 /* VideoPlayer.h */,
				7CFC746113F92F3600805437 /* VideoPlayer.m */,
			);
			name = Classes;
			sourceTree = "<group>";
		};
		7CFC747913F949EF00805437 /* Icons */ = {
			isa = PBXGroup;
			children = (
				7CFC747A13F94A2000805437 /* buynow.jpeg */,
				7CFC747C13F94A2F00805437 /* 60-signpost.png */,
				7CFC747E13F94A3C00805437 /* 80-shopping-cart.png */,
				7CFC748013F94A4800805437 /* LearnersCloudLogo.png */,
				7CFC748213F94A5500805437 /* 130-dice.png */,
				7CFC748413F94A6000805437 /* 44-shoebox.png */,
				7CFC748613F94A6C00805437 /* 20-gear2.png */,
				7CFC748813F94A7700805437 /* 10-medical.png */,
			);
			name = Icons;
			sourceTree = "<group>";
		};
		7CFC748A13F94C5800805437 /* Model and Model Classes */ = {
			isa = PBXGroup;
			children = (
				7CB9D02D13F953A90077E0A3 /* Evaluator.xcdatamodeld */,
				7CB9D01813F94EE30077E0A3 /* Answers.h */,
				7CB9D01913F94EE30077E0A3 /* Answers.m */,
				7CB9D01A13F94EE30077E0A3 /* DBVersion.h */,
				7CB9D01B13F94EE30077E0A3 /* DBVersion.m */,
				7CB9D01C13F94EE30077E0A3 /* lk_QuestionTemplate.h */,
				7CB9D01D13F94EE30077E0A3 /* lk_QuestionTemplate.m */,
				7CB9D01E13F94EE30077E0A3 /* QuestionHeader.h */,
				7CB9D01F13F94EE30077E0A3 /* QuestionHeader.m */,
				7CB9D02013F94EE30077E0A3 /* QuestionItems.h */,
				7CB9D02113F94EE30077E0A3 /* QuestionItems.m */,
				7CB9D02213F94EE30077E0A3 /* Topics.h */,
				7CB9D02313F94EE30077E0A3 /* Topics.m */,
			);
			name = "Model and Model Classes";
			sourceTree = "<group>";
		};
/* End PBXGroup section */

/* Begin PBXNativeTarget section */
		7CFC73B313F91EEE00805437 /* GCSEMaths */ = {
			isa = PBXNativeTarget;
			buildConfigurationList = 7CFC73DB13F91EEE00805437 /* Build configuration list for PBXNativeTarget "GCSEMaths" */;
			buildPhases = (
				7CFC73B013F91EEE00805437 /* Sources */,
				7CFC73B113F91EEE00805437 /* Frameworks */,
				7CFC73B213F91EEE00805437 /* Resources */,
			);
			buildRules = (
			);
			dependencies = (
			);
			name = GCSEMaths;
			productName = GCSEMaths;
			productReference = 7CFC73B413F91EEE00805437 /* GCSEMaths.app */;
			productType = "com.apple.product-type.application";
		};
/* End PBXNativeTarget section */

/* Begin PBXProject section */
		7CFC73AB13F91EEE00805437 /* Project object */ = {
			isa = PBXProject;
			attributes = {
				ORGANIZATIONNAME = caxtonidowu;
			};
			buildConfigurationList = 7CFC73AE13F91EEE00805437 /* Build configuration list for PBXProject "GCSEMaths" */;
			compatibilityVersion = "Xcode 3.2";
			developmentRegion = English;
			hasScannedForEncodings = 0;
			knownRegions = (
				en,
			);
			mainGroup = 7CFC73A913F91EEE00805437;
			productRefGroup = 7CFC73B513F91EEE00805437 /* Products */;
			projectDirPath = "";
			projectRoot = "";
			targets = (
				7CFC73B313F91EEE00805437 /* GCSEMaths */,
			);
		};
/* End PBXProject section */

/* Begin PBXResourcesBuildPhase section */
		7CFC73B213F91EEE00805437 /* Resources */ = {
			isa = PBXResourcesBuildPhase;
			buildActionMask = 2147483647;
			files = (
				7CFC73C313F91EEE00805437 /* InfoPlist.strings in Resources */,
				7CFC73F313F9228500805437 /* iTunesArtwork in Resources */,
				7CFC73F513F9235E00805437 /* Icon.png in Resources */,
				7CFC73F713F9239500805437 /* Icon@2x.png in Resources */,
				7CFC73F913F923DD00805437 /* Icon-72.png in Resources */,
				7CFC73FB13F9241500805437 /* Icon-Small-50.png in Resources */,
				7CFC73FD13F9244300805437 /* Maths.m4v in Resources */,
				7CFC73FF13F9246000805437 /* ITest U Video.m4v in Resources */,
				7CFC740113F9248800805437 /* Physics.m4v in Resources */,
				7CFC740313F924A600805437 /* Chemistry.m4v in Resources */,
				7CFC740513F924BA00805437 /* English.m4v in Resources */,
				7CFC740713F924D600805437 /* ArrowWoodImpact.aiff in Resources */,
				7CFC740913F924E700805437 /* Cough.aiff in Resources */,
				7CFC740B13F924F700805437 /* Clapping.aiff in Resources */,
				7CFC740D13F9251600805437 /* 45-movie1.png in Resources */,
				7CFC740F13F9257300805437 /* FromFree.plist in Resources */,
				7CFC741313F9258200805437 /* From250.plist in Resources */,
				7CFC741413F9258200805437 /* From500.plist in Resources */,
				7CFC741513F9258200805437 /* From750.plist in Resources */,
				7CFC741713F9259100805437 /* Graph_Iphone.png in Resources */,
				7CFC741913F925A600805437 /* Maths.png in Resources */,
				7CFC741B13F925B600805437 /* Physics.png in Resources */,
				7CFC741D13F925C800805437 /* English.png in Resources */,
				7CFC741F13F925EA00805437 /* Default@2x.png in Resources */,
				7CFC742113F9260100805437 /* Default.png in Resources */,
				7CFC742313F9261000805437 /* Chemistry.png in Resources */,
				7CFC742713F9268A00805437 /* BlackBackGround_Iphone.png in Resources */,
				7CFC742F13F92C2700805437 /* lk_QuestionListHeader.xib in Resources */,
				7CFC743513F92C4100805437 /* lk_Topics.xib in Resources */,
				7CFC746F13F945B500805437 /* MainWindow.xib in Resources */,
				7CFC747B13F94A2000805437 /* buynow.jpeg in Resources */,
				7CFC747D13F94A2F00805437 /* 60-signpost.png in Resources */,
				7CFC747F13F94A3C00805437 /* 80-shopping-cart.png in Resources */,
				7CFC748113F94A4800805437 /* LearnersCloudLogo.png in Resources */,
				7CFC748313F94A5500805437 /* 130-dice.png in Resources */,
				7CFC748513F94A6000805437 /* 44-shoebox.png in Resources */,
				7CFC748713F94A6C00805437 /* 20-gear2.png in Resources */,
				7CFC748913F94A7700805437 /* 10-medical.png in Resources */,
				7CB9D03A13F956990077E0A3 /* AttributionIphone.pdf in Resources */,
				7CB9D03C13F956B10077E0A3 /* Results.xml in Resources */,
				7CB9D03E13F956BE0077E0A3 /* DescriptiveAnswers.xml in Resources */,
				7CB9D04A13F9572D0077E0A3 /* Entitlements.plist in Resources */,
				7CB9D07313F958B00077E0A3 /* Settings.bundle in Resources */,
			);
			runOnlyForDeploymentPostprocessing = 0;
		};
/* End PBXResourcesBuildPhase section */

/* Begin PBXSourcesBuildPhase section */
		7CFC73B013F91EEE00805437 /* Sources */ = {
			isa = PBXSourcesBuildPhase;
			buildActionMask = 2147483647;
			files = (
				7CFC73C513F91EEE00805437 /* main.m in Sources */,
				7CFC742B13F92BF200805437 /* AdminDashBoard.m in Sources */,
				7CFC743013F92C2700805437 /* lk_QuestionLists.m in Sources */,
				7CFC743413F92C4100805437 /* lk_Topics.m in Sources */,
				7CFC743A13F92C5D00805437 /* SelectQuestionTemplate.m in Sources */,
				7CFC743B13F92C5D00805437 /* SelectTopic.m in Sources */,
				7CFC744013F92C7F00805437 /* SelectAllocatedMarks.m in Sources */,
				7CFC744113F92C7F00805437 /* SelectDifficulty.m in Sources */,
				7CFC744413F92CA500805437 /* ViewQuestionList.m in Sources */,
				7CFC744713F92CBC00805437 /* Report.m in Sources */,
				7CFC744E13F92CED00805437 /* CheckExistingFiles.m in Sources */,
				7CFC744F13F92CED00805437 /* CopyrightLicense.m in Sources */,
				7CFC745013F92CED00805437 /* Help.m in Sources */,
				7CFC745313F92D2800805437 /* HelpVideo.m in Sources */,
				7CFC745613F92EF600805437 /* Attribution.m in Sources */,
				7CFC745913F92F0100805437 /* Buy.m in Sources */,
				7CFC745C13F92F1400805437 /* CustomStoreObserver.m in Sources */,
				7CFC745F13F92F2400805437 /* LearnersCloudSamplesVideos.m in Sources */,
				7CFC746213F92F3600805437 /* VideoPlayer.m in Sources */,
				7CFC747213F945CB00805437 /* EvaluatorAppDelegate.m in Sources */,
				7CFC747513F945DC00805437 /* TabBar.m in Sources */,
				7CFC747813F9460200805437 /* ActivityIndicator.m in Sources */,
				7CB9D02413F94EE30077E0A3 /* Answers.m in Sources */,
				7CB9D02513F94EE30077E0A3 /* DBVersion.m in Sources */,
				7CB9D02613F94EE30077E0A3 /* lk_QuestionTemplate.m in Sources */,
				7CB9D02713F94EE30077E0A3 /* QuestionHeader.m in Sources */,
				7CB9D02813F94EE30077E0A3 /* QuestionItems.m in Sources */,
				7CB9D02913F94EE30077E0A3 /* Topics.m in Sources */,
				7CB9D03013F953A90077E0A3 /* Evaluator.xcdatamodeld in Sources */,
				7CB9D03713F9563F0077E0A3 /* CustomPickerDataSource_Num_Questions.m in Sources */,
				7CB9D04213F956FB0077E0A3 /* Start.m in Sources */,
				7CB9D04513F957090077E0A3 /* ClientEngine.m in Sources */,
				7CB9D04813F9571A0077E0A3 /* ClientAnswers.m in Sources */,
				7CB9D04E13F957A30077E0A3 /* lk_QuestionListsCell.m in Sources */,
				7CB9D05113F957BB0077E0A3 /* lk_TopicsCell.m in Sources */,
				7CB9D05413F957D10077E0A3 /* WebViewInCell.m in Sources */,
				7CB9D05A13F958070077E0A3 /* MultipleChoiceSingleAnswer.m in Sources */,
				7CB9D05B13F958070077E0A3 /* MultipleChoiceSingleAnswer1.m in Sources */,
				7CB9D06013F958150077E0A3 /* DescriptiveType.m in Sources */,
				7CB9D06113F958150077E0A3 /* DescriptiveType1.m in Sources */,
				7CB9D06613F958240077E0A3 /* TrueOrFalseYesOrNo.m in Sources */,
				7CB9D06713F958240077E0A3 /* TrueOrFalseYesOrNo1.m in Sources */,
				7CB9D06C13F958380077E0A3 /* FillTheBlanks.m in Sources */,
				7CB9D06D13F958380077E0A3 /* FillTheBlanks1.m in Sources */,
				7CB9D07113F958720077E0A3 /* Uploads.m in Sources */,
			);
			runOnlyForDeploymentPostprocessing = 0;
		};
/* End PBXSourcesBuildPhase section */

/* Begin PBXVariantGroup section */
		7CFC73C113F91EEE00805437 /* InfoPlist.strings */ = {
			isa = PBXVariantGroup;
			children = (
				7CFC73C213F91EEE00805437 /* en */,
			);
			name = InfoPlist.strings;
			sourceTree = "<group>";
		};
/* End PBXVariantGroup section */

/* Begin XCBuildConfiguration section */
		7CFC73D913F91EEE00805437 /* Debug */ = {
			isa = XCBuildConfiguration;
			buildSettings = {
				ALWAYS_SEARCH_USER_PATHS = NO;
				ARCHS = "$(ARCHS_STANDARD_32_BIT)";
				"CODE_SIGN_IDENTITY[sdk=iphoneos*]" = "iPhone Developer";
				COPY_PHASE_STRIP = NO;
				GCC_C_LANGUAGE_STANDARD = gnu99;
				GCC_DYNAMIC_NO_PIC = NO;
				GCC_OPTIMIZATION_LEVEL = 0;
				GCC_PREPROCESSOR_DEFINITIONS = (
					"DEBUG=1",
					"$(inherited)",
				);
				GCC_SYMBOLS_PRIVATE_EXTERN = NO;
				GCC_VERSION = com.apple.compilers.llvmgcc42;
				GCC_WARN_ABOUT_MISSING_PROTOTYPES = YES;
				GCC_WARN_ABOUT_RETURN_TYPE = YES;
				GCC_WARN_UNUSED_VARIABLE = YES;
				IPHONEOS_DEPLOYMENT_TARGET = 4.3;
				SDKROOT = iphoneos;
			};
			name = Debug;
		};
		7CFC73DA13F91EEE00805437 /* Release */ = {
			isa = XCBuildConfiguration;
			buildSettings = {
				ALWAYS_SEARCH_USER_PATHS = NO;
				ARCHS = "$(ARCHS_STANDARD_32_BIT)";
				"CODE_SIGN_IDENTITY[sdk=iphoneos*]" = "iPhone Developer";
				COPY_PHASE_STRIP = YES;
				GCC_C_LANGUAGE_STANDARD = gnu99;
				GCC_VERSION = com.apple.compilers.llvmgcc42;
				GCC_WARN_ABOUT_MISSING_PROTOTYPES = YES;
				GCC_WARN_ABOUT_RETURN_TYPE = YES;
				GCC_WARN_UNUSED_VARIABLE = YES;
				IPHONEOS_DEPLOYMENT_TARGET = 4.3;
				OTHER_CFLAGS = "-DNS_BLOCK_ASSERTIONS=1";
				SDKROOT = iphoneos;
				VALIDATE_PRODUCT = YES;
			};
			name = Release;
		};
		7CFC73DC13F91EEE00805437 /* Debug */ = {
			isa = XCBuildConfiguration;
			buildSettings = {
				CODE_SIGN_ENTITLEMENTS = GCSEMaths/GCSEMaths.entitlements;
				GCC_PRECOMPILE_PREFIX_HEADER = YES;
				GCC_PREFIX_HEADER = "GCSEMaths/GCSEMaths-Prefix.pch";
				INFOPLIST_FILE = "GCSEMaths/GCSEMaths-Info.plist";
				PRODUCT_NAME = "$(TARGET_NAME)";
				WRAPPER_EXTENSION = app;
			};
			name = Debug;
		};
		7CFC73DD13F91EEE00805437 /* Release */ = {
			isa = XCBuildConfiguration;
			buildSettings = {
				CODE_SIGN_ENTITLEMENTS = GCSEMaths/GCSEMaths.entitlements;
				GCC_PRECOMPILE_PREFIX_HEADER = YES;
				GCC_PREFIX_HEADER = "GCSEMaths/GCSEMaths-Prefix.pch";
				INFOPLIST_FILE = "GCSEMaths/GCSEMaths-Info.plist";
				PRODUCT_NAME = "$(TARGET_NAME)";
				WRAPPER_EXTENSION = app;
			};
			name = Release;
		};
/* End XCBuildConfiguration section */

/* Begin XCConfigurationList section */
		7CFC73AE13F91EEE00805437 /* Build configuration list for PBXProject "GCSEMaths" */ = {
			isa = XCConfigurationList;
			buildConfigurations = (
				7CFC73D913F91EEE00805437 /* Debug */,
				7CFC73DA13F91EEE00805437 /* Release */,
			);
			defaultConfigurationIsVisible = 0;
			defaultConfigurationName = Release;
		};
		7CFC73DB13F91EEE00805437 /* Build configuration list for PBXNativeTarget "GCSEMaths" */ = {
			isa = XCConfigurationList;
			buildConfigurations = (
				7CFC73DC13F91EEE00805437 /* Debug */,
				7CFC73DD13F91EEE00805437 /* Release */,
			);
			defaultConfigurationIsVisible = 0;
			defaultConfigurationName = Release;
		};
/* End XCConfigurationList section */

/* Begin XCVersionGroup section */
		7CB9D02D13F953A90077E0A3 /* Evaluator.xcdatamodeld */ = {
			isa = XCVersionGroup;
			children = (
				7CB9D02E13F953A90077E0A3 /* Evaluator 2.xcdatamodel */,
				7CB9D02F13F953A90077E0A3 /* Evaluator.xcdatamodel */,
			);
			currentVersion = 7CB9D02E13F953A90077E0A3 /* Evaluator 2.xcdatamodel */;
			path = Evaluator.xcdatamodeld;
			sourceTree = "<group>";
			versionGroupType = wrapper.xcdatamodel;
		};
/* End XCVersionGroup section */
	};
	rootObject = 7CFC73AB13F91EEE00805437 /* Project object */;
}
